
Microsoft Visual Studio Solution File, Format Version 12.00
# Visual Studio Version 16
VisualStudioVersion = 16.0.32802.440
MinimumVisualStudioVersion = 10.0.40219.1
Project("{9A19103F-16F7-4668-BE54-9A1E7A4F7556}") = "D3DTX_Converter", "D3DTX_Converter\D3DTX_Converter.csproj", "{666989FC-7AAB-485F-846B-55522B069B3D}"
EndProject
Global
	GlobalSection(SolutionConfigurationPlatforms) = preSolution
		Debug|Any CPU = Debug|Any CPU
		Release|Any CPU = Release|Any CPU
	EndGlobalSection
	GlobalSection(ProjectConfigurationPlatforms) = postSolution
		{666989FC-7AAB-485F-846B-55522B069B3D}.Debug|Any CPU.ActiveCfg = Debug|Any CPU
		{666989FC-7AAB-485F-846B-55522B069B3D}.Debug|Any CPU.Build.0 = Debug|Any CPU
		{666989FC-7AAB-485F-846B-55522B069B3D}.Release|Any CPU.ActiveCfg = Release|Any CPU
		{666989FC-7AAB-485F-846B-55522B069B3D}.Release|Any CPU.Build.0 = Release|Any CPU
	EndGlobalSection
	GlobalSection(SolutionProperties) = preSolution
		HideSolutionNode = FALSE
	EndGlobalSection
	GlobalSection(ExtensibilityGlobals) = postSolution
		SolutionGuid = {CF91C3AB-5641-44C3-8F8F-13781F01E42E}
	EndGlobalSection
EndGlobal
