
Microsoft Visual Studio Solution File, Format Version 12.00
# Visual Studio Version 17
VisualStudioVersion = 17.9.34701.34
MinimumVisualStudioVersion = 10.0.40219.1
Project("{9A19103F-16F7-4668-BE54-9A1E7A4F7556}") = "TelltaleTextureTool", "TelltaleTextureTool\TelltaleTextureTool.csproj", "{F68040F3-B9C5-48F8-9EC0-C37B442F64CC}"
EndProject
Global
	GlobalSection(SolutionConfigurationPlatforms) = preSolution
		Debug|Any CPU = Debug|Any CPU
		Release|Any CPU = Release|Any CPU
	EndGlobalSection
	GlobalSection(ProjectConfigurationPlatforms) = postSolution
		{F68040F3-B9C5-48F8-9EC0-C37B442F64CC}.Debug|Any CPU.ActiveCfg = Debug|Any CPU
		{F68040F3-B9C5-48F8-9EC0-C37B442F64CC}.Debug|Any CPU.Build.0 = Debug|Any CPU
		{F68040F3-B9C5-48F8-9EC0-C37B442F64CC}.Release|Any CPU.ActiveCfg = Release|Any CPU
		{F68040F3-B9C5-48F8-9EC0-C37B442F64CC}.Release|Any CPU.Build.0 = Release|Any CPU
	EndGlobalSection
	GlobalSection(SolutionProperties) = preSolution
		HideSolutionNode = FALSE
	EndGlobalSection
	GlobalSection(ExtensibilityGlobals) = postSolution
		SolutionGuid = {570F001A-BC85-4336-A636-E304721FB64D}
	EndGlobalSection
EndGlobal
