
Microsoft Visual Studio Solution File, Format Version 12.00
# Visual Studio Version 17
VisualStudioVersion = 17.9.34622.214
MinimumVisualStudioVersion = 10.0.40219.1
Project("{9A19103F-16F7-4668-BE54-9A1E7A4F7556}") = "DDS_D3DTX_Converter", "DDS_D3DTX_Converter\DDS_D3DTX_Converter.csproj", "{455A6280-B94F-45A2-BA2C-5680D0C29C12}"
EndProject
Global
	GlobalSection(SolutionConfigurationPlatforms) = preSolution
		Debug|Any CPU = Debug|Any CPU
		Release|Any CPU = Release|Any CPU
	EndGlobalSection
	GlobalSection(ProjectConfigurationPlatforms) = postSolution
		{455A6280-B94F-45A2-BA2C-5680D0C29C12}.Debug|Any CPU.ActiveCfg = Debug|Any CPU
		{455A6280-B94F-45A2-BA2C-5680D0C29C12}.Debug|Any CPU.Build.0 = Debug|Any CPU
		{455A6280-B94F-45A2-BA2C-5680D0C29C12}.Release|Any CPU.ActiveCfg = Release|Any CPU
		{455A6280-B94F-45A2-BA2C-5680D0C29C12}.Release|Any CPU.Build.0 = Release|Any CPU
	EndGlobalSection
	GlobalSection(SolutionProperties) = preSolution
		HideSolutionNode = FALSE
	EndGlobalSection
	GlobalSection(ExtensibilityGlobals) = postSolution
		SolutionGuid = {15EF7B46-BB91-453A-9B95-E7C914928EC1}
	EndGlobalSection
EndGlobal
